
Microsoft Visual Studio Solution File, Format Version 12.00
# Visual Studio Version 16
VisualStudioVersion = 16.0.31112.23
MinimumVisualStudioVersion = 10.0.40219.1
Project("{9A19103F-16F7-4668-BE54-9A1E7A4F7556}") = "FileWorker.Test", "FileWorker.Test\FileWorker.Test.csproj", "{937BACCF-20EF-4E18-9D4D-AD4F70725BBA}"
EndProject
Project("{9A19103F-16F7-4668-BE54-9A1E7A4F7556}") = "BinaryFlag.Test", "BinaryFlag.Test\BinaryFlag.Test.csproj", "{01C2A308-C258-46B6-AF48-F142C4996EE0}"
EndProject
Project("{FAE04EC0-301F-11D3-BF4B-00C04F79EFBC}") = "IIG.BinaryFlag", "Libs\IIG.BinaryFlag\IIG.BinaryFlag\IIG.BinaryFlag.csproj", "{31F66863-26A4-4626-9566-BFFFEA52C1A7}"
EndProject
Project("{FAE04EC0-301F-11D3-BF4B-00C04F79EFBC}") = "Integration.Test", "Integration.Test\Integration.Test.csproj", "{2578641C-0255-486A-9EB5-2596649C10B4}"
EndProject
Global
	GlobalSection(SolutionConfigurationPlatforms) = preSolution
		Debug|Any CPU = Debug|Any CPU
		Release|Any CPU = Release|Any CPU
	EndGlobalSection
	GlobalSection(ProjectConfigurationPlatforms) = postSolution
		{937BACCF-20EF-4E18-9D4D-AD4F70725BBA}.Debug|Any CPU.ActiveCfg = Debug|Any CPU
		{937BACCF-20EF-4E18-9D4D-AD4F70725BBA}.Debug|Any CPU.Build.0 = Debug|Any CPU
		{937BACCF-20EF-4E18-9D4D-AD4F70725BBA}.Release|Any CPU.ActiveCfg = Release|Any CPU
		{937BACCF-20EF-4E18-9D4D-AD4F70725BBA}.Release|Any CPU.Build.0 = Release|Any CPU
		{01C2A308-C258-46B6-AF48-F142C4996EE0}.Debug|Any CPU.ActiveCfg = Debug|Any CPU
		{01C2A308-C258-46B6-AF48-F142C4996EE0}.Debug|Any CPU.Build.0 = Debug|Any CPU
		{01C2A308-C258-46B6-AF48-F142C4996EE0}.Release|Any CPU.ActiveCfg = Release|Any CPU
		{01C2A308-C258-46B6-AF48-F142C4996EE0}.Release|Any CPU.Build.0 = Release|Any CPU
		{31F66863-26A4-4626-9566-BFFFEA52C1A7}.Debug|Any CPU.ActiveCfg = Debug|Any CPU
		{31F66863-26A4-4626-9566-BFFFEA52C1A7}.Debug|Any CPU.Build.0 = Debug|Any CPU
		{31F66863-26A4-4626-9566-BFFFEA52C1A7}.Release|Any CPU.ActiveCfg = Release|Any CPU
		{31F66863-26A4-4626-9566-BFFFEA52C1A7}.Release|Any CPU.Build.0 = Release|Any CPU
		{2578641C-0255-486A-9EB5-2596649C10B4}.Debug|Any CPU.ActiveCfg = Debug|Any CPU
		{2578641C-0255-486A-9EB5-2596649C10B4}.Debug|Any CPU.Build.0 = Debug|Any CPU
		{2578641C-0255-486A-9EB5-2596649C10B4}.Release|Any CPU.ActiveCfg = Release|Any CPU
		{2578641C-0255-486A-9EB5-2596649C10B4}.Release|Any CPU.Build.0 = Release|Any CPU
	EndGlobalSection
	GlobalSection(SolutionProperties) = preSolution
		HideSolutionNode = FALSE
	EndGlobalSection
	GlobalSection(ExtensibilityGlobals) = postSolution
		SolutionGuid = {5B119160-B5C5-4BB3-AB4B-98E15AB3DCAC}
	EndGlobalSection
EndGlobal
